// !$*UTF8*$!
{
	archiveVersion = 1;
	classes = {
	};
	objectVersion = 50;
	objects = {

/* Begin PBXBuildFile section */
		C37C0A012161A66500975AFF /* AppDelegate.swift in Sources */ = {isa = PBXBuildFile; fileRef = C37C0A002161A66500975AFF /* AppDelegate.swift */; };
		C37C0A032161A66500975AFF /* ViewController.swift in Sources */ = {isa = PBXBuildFile; fileRef = C37C0A022161A66500975AFF /* ViewController.swift */; };
		C37C0A062161A66500975AFF /* Main.storyboard in Resources */ = {isa = PBXBuildFile; fileRef = C37C0A042161A66500975AFF /* Main.storyboard */; };
		C37C0A082161A66500975AFF /* Assets.xcassets in Resources */ = {isa = PBXBuildFile; fileRef = C37C0A072161A66500975AFF /* Assets.xcassets */; };
		C37C0A0B2161A66500975AFF /* LaunchScreen.storyboard in Resources */ = {isa = PBXBuildFile; fileRef = C37C0A092161A66500975AFF /* LaunchScreen.storyboard */; };
/* End PBXBuildFile section */

/* Begin PBXFileReference section */
		C37C09FD2161A66500975AFF /* SmartKuk_MVVM_RXSwift_Example.app */ = {isa = PBXFileReference; explicitFileType = wrapper.application; includeInIndex = 0; path = SmartKuk_MVVM_RXSwift_Example.app; sourceTree = BUILT_PRODUCTS_DIR; };
		C37C0A002161A66500975AFF /* AppDelegate.swift */ = {isa = PBXFileReference; lastKnownFileType = sourcecode.swift; path = AppDelegate.swift; sourceTree = "<group>"; };
		C37C0A022161A66500975AFF /* ViewController.swift */ = {isa = PBXFileReference; lastKnownFileType = sourcecode.swift; path = ViewController.swift; sourceTree = "<group>"; };
		C37C0A052161A66500975AFF /* Base */ = {isa = PBXFileReference; lastKnownFileType = file.storyboard; name = Base; path = Base.lproj/Main.storyboard; sourceTree = "<group>"; };
		C37C0A072161A66500975AFF /* Assets.xcassets */ = {isa = PBXFileReference; lastKnownFileType = folder.assetcatalog; path = Assets.xcassets; sourceTree = "<group>"; };
		C37C0A0A2161A66500975AFF /* Base */ = {isa = PBXFileReference; lastKnownFileType = file.storyboard; name = Base; path = Base.lproj/LaunchScreen.storyboard; sourceTree = "<group>"; };
		C37C0A0C2161A66500975AFF /* Info.plist */ = {isa = PBXFileReference; lastKnownFileType = text.plist.xml; path = Info.plist; sourceTree = "<group>"; };
/* End PBXFileReference section */

/* Begin PBXFrameworksBuildPhase section */
		C37C09FA2161A66500975AFF /* Frameworks */ = {
			isa = PBXFrameworksBuildPhase;
			buildActionMask = 2147483647;
			files = (
			);
			runOnlyForDeploymentPostprocessing = 0;
		};
/* End PBXFrameworksBuildPhase section */

/* Begin PBXGroup section */
		C37C09F42161A66400975AFF = {
			isa = PBXGroup;
			children = (
				C37C09FF2161A66500975AFF /* SmartKuk_MVVM_RXSwift_Example */,
				C37C09FE2161A66500975AFF /* Products */,
			);
			sourceTree = "<group>";
		};
		C37C09FE2161A66500975AFF /* Products */ = {
			isa = PBXGroup;
			children = (
				C37C09FD2161A66500975AFF /* SmartKuk_MVVM_RXSwift_Example.app */,
			);
			name = Products;
			sourceTree = "<group>";
		};
		C37C09FF2161A66500975AFF /* SmartKuk_MVVM_RXSwift_Example */ = {
			isa = PBXGroup;
			children = (
				C37C0A002161A66500975AFF /* AppDelegate.swift */,
				C37C0A022161A66500975AFF /* ViewController.swift */,
				C37C0A042161A66500975AFF /* Main.storyboard */,
				C37C0A072161A66500975AFF /* Assets.xcassets */,
				C37C0A092161A66500975AFF /* LaunchScreen.storyboard */,
				C37C0A0C2161A66500975AFF /* Info.plist */,
			);
			path = SmartKuk_MVVM_RXSwift_Example;
			sourceTree = "<group>";
		};
/* End PBXGroup section */

/* Begin PBXNativeTarget section */
		C37C09FC2161A66500975AFF /* SmartKuk_MVVM_RXSwift_Example */ = {
			isa = PBXNativeTarget;
			buildConfigurationList = C37C0A0F2161A66500975AFF /* Build configuration list for PBXNativeTarget "SmartKuk_MVVM_RXSwift_Example" */;
			buildPhases = (
				C37C09F92161A66500975AFF /* Sources */,
				C37C09FA2161A66500975AFF /* Frameworks */,
				C37C09FB2161A66500975AFF /* Resources */,
			);
			buildRules = (
			);
			dependencies = (
			);
			name = SmartKuk_MVVM_RXSwift_Example;
			productName = SmartKuk_MVVM_RXSwift_Example;
			productReference = C37C09FD2161A66500975AFF /* SmartKuk_MVVM_RXSwift_Example.app */;
			productType = "com.apple.product-type.application";
		};
/* End PBXNativeTarget section */

/* Begin PBXProject section */
		C37C09F52161A66400975AFF /* Project object */ = {
			isa = PBXProject;
			attributes = {
				LastSwiftUpdateCheck = 1000;
				LastUpgradeCheck = 1000;
				ORGANIZATIONNAME = SmartCompany;
				TargetAttributes = {
					C37C09FC2161A66500975AFF = {
						CreatedOnToolsVersion = 10.0;
					};
				};
			};
			buildConfigurationList = C37C09F82161A66400975AFF /* Build configuration list for PBXProject "SmartKuk_MVVM_RXSwift_Example" */;
			compatibilityVersion = "Xcode 9.3";
			developmentRegion = en;
			hasScannedForEncodings = 0;
			knownRegions = (
				en,
				Base,
			);
			mainGroup = C37C09F42161A66400975AFF;
			productRefGroup = C37C09FE2161A66500975AFF /* Products */;
			projectDirPath = "";
			projectRoot = "";
			targets = (
				C37C09FC2161A66500975AFF /* SmartKuk_MVVM_RXSwift_Example */,
			);
		};
/* End PBXProject section */

/* Begin PBXResourcesBuildPhase section */
		C37C09FB2161A66500975AFF /* Resources */ = {
			isa = PBXResourcesBuildPhase;
			buildActionMask = 2147483647;
			files = (
				C37C0A0B2161A66500975AFF /* LaunchScreen.storyboard in Resources */,
				C37C0A082161A66500975AFF /* Assets.xcassets in Resources */,
				C37C0A062161A66500975AFF /* Main.storyboard in Resources */,
			);
			runOnlyForDeploymentPostprocessing = 0;
		};
/* End PBXResourcesBuildPhase section */

/* Begin PBXSourcesBuildPhase section */
		C37C09F92161A66500975AFF /* Sources */ = {
			isa = PBXSourcesBuildPhase;
			buildActionMask = 2147483647;
			files = (
				C37C0A032161A66500975AFF /* ViewController.swift in Sources */,
				C37C0A012161A66500975AFF /* AppDelegate.swift in Sources */,
			);
			runOnlyForDeploymentPostprocessing = 0;
		};
/* End PBXSourcesBuildPhase section */

/* Begin PBXVariantGroup section */
		C37C0A042161A66500975AFF /* Main.storyboard */ = {
			isa = PBXVariantGroup;
			children = (
				C37C0A052161A66500975AFF /* Base */,
			);
			name = Main.storyboard;
			sourceTree = "<group>";
		};
		C37C0A092161A66500975AFF /* LaunchScreen.storyboard */ = {
			isa = PBXVariantGroup;
			children = (
				C37C0A0A2161A66500975AFF /* Base */,
			);
			name = LaunchScreen.storyboard;
			sourceTree = "<group>";
		};
/* End PBXVariantGroup section */

/* Begin XCBuildConfiguration section */
		C37C0A0D2161A66500975AFF /* Debug */ = {
			isa = XCBuildConfiguration;
			buildSettings = {
				ALWAYS_SEARCH_USER_PATHS = NO;
				CLANG_ANALYZER_NONNULL = YES;
				CLANG_ANALYZER_NUMBER_OBJECT_CONVERSION = YES_AGGRESSIVE;
				CLANG_CXX_LANGUAGE_STANDARD = "gnu++14";
				CLANG_CXX_LIBRARY = "libc++";
				CLANG_ENABLE_MODULES = YES;
				CLANG_ENABLE_OBJC_ARC = YES;
				CLANG_ENABLE_OBJC_WEAK = YES;
				CLANG_WARN_BLOCK_CAPTURE_AUTORELEASING = YES;
				CLANG_WARN_BOOL_CONVERSION = YES;
				CLANG_WARN_COMMA = YES;
				CLANG_WARN_CONSTANT_CONVERSION = YES;
				CLANG_WARN_DEPRECATED_OBJC_IMPLEMENTATIONS = YES;
				CLANG_WARN_DIRECT_OBJC_ISA_USAGE = YES_ERROR;
				CLANG_WARN_DOCUMENTATION_COMMENTS = YES;
				CLANG_WARN_EMPTY_BODY = YES;
				CLANG_WARN_ENUM_CONVERSION = YES;
				CLANG_WARN_INFINITE_RECURSION = YES;
				CLANG_WARN_INT_CONVERSION = YES;
				CLANG_WARN_NON_LITERAL_NULL_CONVERSION = YES;
				CLANG_WARN_OBJC_IMPLICIT_RETAIN_SELF = YES;
				CLANG_WARN_OBJC_LITERAL_CONVERSION = YES;
				CLANG_WARN_OBJC_ROOT_CLASS = YES_ERROR;
				CLANG_WARN_RANGE_LOOP_ANALYSIS = YES;
				CLANG_WARN_STRICT_PROTOTYPES = YES;
				CLANG_WARN_SUSPICIOUS_MOVE = YES;
				CLANG_WARN_UNGUARDED_AVAILABILITY = YES_AGGRESSIVE;
				CLANG_WARN_UNREACHABLE_CODE = YES;
				CLANG_WARN__DUPLICATE_METHOD_MATCH = YES;
				CODE_SIGN_IDENTITY = "iPhone Developer";
				COPY_PHASE_STRIP = NO;
				DEBUG_INFORMATION_FORMAT = dwarf;
				ENABLE_STRICT_OBJC_MSGSEND = YES;
				ENABLE_TESTABILITY = YES;
				GCC_C_LANGUAGE_STANDARD = gnu11;
				GCC_DYNAMIC_NO_PIC = NO;
				GCC_NO_COMMON_BLOCKS = YES;
				GCC_OPTIMIZATION_LEVEL = 0;
				GCC_PREPROCESSOR_DEFINITIONS = (
					"DEBUG=1",
					"$(inherited)",
				);
				GCC_WARN_64_TO_32_BIT_CONVERSION = YES;
				GCC_WARN_ABOUT_RETURN_TYPE = YES_ERROR;
				GCC_WARN_UNDECLARED_SELECTOR = YES;
				GCC_WARN_UNINITIALIZED_AUTOS = YES_AGGRESSIVE;
				GCC_WARN_UNUSED_FUNCTION = YES;
				GCC_WARN_UNUSED_VARIABLE = YES;
				IPHONEOS_DEPLOYMENT_TARGET = 12.0;
				MTL_ENABLE_DEBUG_INFO = INCLUDE_SOURCE;
				MTL_FAST_MATH = YES;
				ONLY_ACTIVE_ARCH = YES;
				SDKROOT = iphoneos;
				SWIFT_ACTIVE_COMPILATION_CONDITIONS = DEBUG;
				SWIFT_OPTIMIZATION_LEVEL = "-Onone";
			};
			name = Debug;
		};
		C37C0A0E2161A66500975AFF /* Release */ = {
			isa = XCBuildConfiguration;
			buildSettings = {
				ALWAYS_SEARCH_USER_PATHS = NO;
				CLANG_ANALYZER_NONNULL = YES;
				CLANG_ANALYZER_NUMBER_OBJECT_CONVERSION = YES_AGGRESSIVE;
				CLANG_CXX_LANGUAGE_STANDARD = "gnu++14";
				CLANG_CXX_LIBRARY = "libc++";
				CLANG_ENABLE_MODULES = YES;
				CLANG_ENABLE_OBJC_ARC = YES;
				CLANG_ENABLE_OBJC_WEAK = YES;
				CLANG_WARN_BLOCK_CAPTURE_AUTORELEASING = YES;
				CLANG_WARN_BOOL_CONVERSION = YES;
				CLANG_WARN_COMMA = YES;
				CLANG_WARN_CONSTANT_CONVERSION = YES;
				CLANG_WARN_DEPRECATED_OBJC_IMPLEMENTATIONS = YES;
				CLANG_WARN_DIRECT_OBJC_ISA_USAGE = YES_ERROR;
				CLANG_WARN_DOCUMENTATION_COMMENTS = YES;
				CLANG_WARN_EMPTY_BODY = YES;
				CLANG_WARN_ENUM_CONVERSION = YES;
				CLANG_WARN_INFINITE_RECURSION = YES;
				CLANG_WARN_INT_CONVERSION = YES;
				CLANG_WARN_NON_LITERAL_NULL_CONVERSION = YES;
				CLANG_WARN_OBJC_IMPLICIT_RETAIN_SELF = YES;
				CLANG_WARN_OBJC_LITERAL_CONVERSION = YES;
				CLANG_WARN_OBJC_ROOT_CLASS = YES_ERROR;
				CLANG_WARN_RANGE_LOOP_ANALYSIS = YES;
				CLANG_WARN_STRICT_PROTOTYPES = YES;
				CLANG_WARN_SUSPICIOUS_MOVE = YES;
				CLANG_WARN_UNGUARDED_AVAILABILITY = YES_AGGRESSIVE;
				CLANG_WARN_UNREACHABLE_CODE = YES;
				CLANG_WARN__DUPLICATE_METHOD_MATCH = YES;
				CODE_SIGN_IDENTITY = "iPhone Developer";
				COPY_PHASE_STRIP = NO;
				DEBUG_INFORMATION_FORMAT = "dwarf-with-dsym";
				ENABLE_NS_ASSERTIONS = NO;
				ENABLE_STRICT_OBJC_MSGSEND = YES;
				GCC_C_LANGUAGE_STANDARD = gnu11;
				GCC_NO_COMMON_BLOCKS = YES;
				GCC_WARN_64_TO_32_BIT_CONVERSION = YES;
				GCC_WARN_ABOUT_RETURN_TYPE = YES_ERROR;
				GCC_WARN_UNDECLARED_SELECTOR = YES;
				GCC_WARN_UNINITIALIZED_AUTOS = YES_AGGRESSIVE;
				GCC_WARN_UNUSED_FUNCTION = YES;
				GCC_WARN_UNUSED_VARIABLE = YES;
				IPHONEOS_DEPLOYMENT_TARGET = 12.0;
				MTL_ENABLE_DEBUG_INFO = NO;
				MTL_FAST_MATH = YES;
				SDKROOT = iphoneos;
				SWIFT_COMPILATION_MODE = wholemodule;
				SWIFT_OPTIMIZATION_LEVEL = "-O";
				VALIDATE_PRODUCT = YES;
			};
			name = Release;
		};
		C37C0A102161A66500975AFF /* Debug */ = {
			isa = XCBuildConfiguration;
			buildSettings = {
				ASSETCATALOG_COMPILER_APPICON_NAME = AppIcon;
				CODE_SIGN_STYLE = Automatic;
				DEVELOPMENT_TEAM = 8GLTDQRSPV;
				INFOPLIST_FILE = SmartKuk_MVVM_RXSwift_Example/Info.plist;
				LD_RUNPATH_SEARCH_PATHS = (
					"$(inherited)",
					"@executable_path/Frameworks",
				);
				PRODUCT_BUNDLE_IDENTIFIER = "SmartKuk.SmartCompany.SmartKuk-MVVM-RXSwift-Example";
				PRODUCT_NAME = "$(TARGET_NAME)";
				SWIFT_VERSION = 4.2;
				TARGETED_DEVICE_FAMILY = "1,2";
			};
			name = Debug;
		};
		C37C0A112161A66500975AFF /* Release */ = {
			isa = XCBuildConfiguration;
			buildSettings = {
				ASSETCATALOG_COMPILER_APPICON_NAME = AppIcon;
				CODE_SIGN_STYLE = Automatic;
				DEVELOPMENT_TEAM = 8GLTDQRSPV;
				INFOPLIST_FILE = SmartKuk_MVVM_RXSwift_Example/Info.plist;
				LD_RUNPATH_SEARCH_PATHS = (
					"$(inherited)",
					"@executable_path/Frameworks",
				);
				PRODUCT_BUNDLE_IDENTIFIER = "SmartKuk.SmartCompany.SmartKuk-MVVM-RXSwift-Example";
				PRODUCT_NAME = "$(TARGET_NAME)";
				SWIFT_VERSION = 4.2;
				TARGETED_DEVICE_FAMILY = "1,2";
			};
			name = Release;
		};
/* End XCBuildConfiguration section */

/* Begin XCConfigurationList section */
		C37C09F82161A66400975AFF /* Build configuration list for PBXProject "SmartKuk_MVVM_RXSwift_Example" */ = {
			isa = XCConfigurationList;
			buildConfigurations = (
				C37C0A0D2161A66500975AFF /* Debug */,
				C37C0A0E2161A66500975AFF /* Release */,
			);
			defaultConfigurationIsVisible = 0;
			defaultConfigurationName = Release;
		};
		C37C0A0F2161A66500975AFF /* Build configuration list for PBXNativeTarget "SmartKuk_MVVM_RXSwift_Example" */ = {
			isa = XCConfigurationList;
			buildConfigurations = (
				C37C0A102161A66500975AFF /* Debug */,
				C37C0A112161A66500975AFF /* Release */,
			);
			defaultConfigurationIsVisible = 0;
			defaultConfigurationName = Release;
		};
/* End XCConfigurationList section */
	};
	rootObject = C37C09F52161A66400975AFF /* Project object */;
}
